
Microsoft Visual Studio Solution File, Format Version 12.00
# Visual Studio Version 17
VisualStudioVersion = 17.10.35027.167
MinimumVisualStudioVersion = 10.0.40219.1
Project("{FAE04EC0-301F-11D3-BF4B-00C04F79EFBC}") = "studentdbapp", "studentdbapp.csproj", "{874DEF18-809D-40B6-8A49-9DACF591E40F}"
EndProject
Global
	GlobalSection(SolutionConfigurationPlatforms) = preSolution
		Debug|Any CPU = Debug|Any CPU
		Release|Any CPU = Release|Any CPU
	EndGlobalSection
	GlobalSection(ProjectConfigurationPlatforms) = postSolution
		{874DEF18-809D-40B6-8A49-9DACF591E40F}.Debug|Any CPU.ActiveCfg = Debug|Any CPU
		{874DEF18-809D-40B6-8A49-9DACF591E40F}.Debug|Any CPU.Build.0 = Debug|Any CPU
		{874DEF18-809D-40B6-8A49-9DACF591E40F}.Release|Any CPU.ActiveCfg = Release|Any CPU
		{874DEF18-809D-40B6-8A49-9DACF591E40F}.Release|Any CPU.Build.0 = Release|Any CPU
	EndGlobalSection
	GlobalSection(SolutionProperties) = preSolution
		HideSolutionNode = FALSE
	EndGlobalSection
	GlobalSection(ExtensibilityGlobals) = postSolution
		SolutionGuid = {5DEFBBEF-1EC4-4885-BAD0-09D48F4238C5}
	EndGlobalSection
EndGlobal
